{
  "nodes": {
    "darwin": {
      "inputs": {
        "nixpkgs": [
          "nixpkgs-darwin"
        ]
      },
      "locked": {
        "lastModified": 1736819234,
        "narHash": "sha256-deQVtIH4UJueELJqluAICUtX7OosD9paTP+5FgbiSwI=",
        "owner": "lnl7",
        "repo": "nix-darwin",
        "rev": "bd921223ba7cdac346477d7ea5204d6f4736fcc6",
        "type": "github"
      },
      "original": {
        "owner": "lnl7",
        "repo": "nix-darwin",
        "type": "github"
      }
    },
    "nixpkgs": {
      "locked": {
        "lastModified": 0,
        "narHash": "sha256-7QEFnKkzD13SPxs+UFR5bUFN2fRw+GlL0am72ZjNre4=",
        "path": "/nix/store/67jxrm0qawiwvhvhakqrfzq65hpjjm8w-source",
        "type": "path"
      },
      "original": {
        "id": "nixpkgs",
        "type": "indirect"
      }
    },
    "nixpkgs-darwin": {
      "locked": {
        "lastModified": 1736755442,
        "narHash": "sha256-a3MMEY7i/wdF0gb7WFNTn6onzaiMOvwj7OerRVenA8o=",
        "owner": "nixos",
        "repo": "nixpkgs",
        "rev": "ef56e777fedaa4da8c66a150081523c5de1e0171",
        "type": "github"
      },
      "original": {
        "owner": "nixos",
        "ref": "nixpkgs-unstable",
        "repo": "nixpkgs",
        "type": "github"
      }
    },
    "root": {
      "inputs": {
        "darwin": "darwin",
        "nixpkgs": "nixpkgs",
        "nixpkgs-darwin": "nixpkgs-darwin"
      }
    }
  },
  "root": "root",
  "version": 7
}
