{
  "originHash" : "8107d8a64796fa486c7a21f8647a752ca2c17be21bd5c598aae367ed587d6a68",
  "pins" : [
    {
      "identity" : "swift-cmark",
      "kind" : "remoteSourceControl",
      "location" : "https://github.com/swiftlang/swift-cmark.git",
      "state" : {
        "revision" : "924936d0427cb25a61169739a7660230bffa6ea6"
      }
    }
  ],
  "version" : 3
}
