{
  "nodes": {
    "darwin": {
      "inputs": {
        "nixpkgs": [
          "nixpkgs-darwin"
        ]
      },
      "locked": {
        "lastModified": 1730184279,
        "narHash": "sha256-6OB+WWR6gnaWiqSS28aMJypKeK7Pjc2Wm6L0MtOrTuA=",
        "owner": "lnl7",
        "repo": "nix-darwin",
        "rev": "b379bd4d872d159e5189053ce9a4adf86d56db4b",
        "type": "github"
      },
      "original": {
        "owner": "lnl7",
        "repo": "nix-darwin",
        "type": "github"
      }
    },
    "nixpkgs": {
      "locked": {
        "lastModified": 0,
        "narHash": "sha256-PRq4vJjDa+m1mNwkV9H7zVzMhuMqsHJrTGx0iJZ0e0w=",
        "path": "/nix/store/mrdabma3q9dlx3x3y12nlvk6rvzs6795-source",
        "type": "path"
      },
      "original": {
        "id": "nixpkgs",
        "type": "indirect"
      }
    },
    "nixpkgs-darwin": {
      "locked": {
        "lastModified": 1730170245,
        "narHash": "sha256-PRq4vJjDa+m1mNwkV9H7zVzMhuMqsHJrTGx0iJZ0e0w=",
        "owner": "nixos",
        "repo": "nixpkgs",
        "rev": "30c9efeef01e2ad4880bff6a01a61dd99536b3c9",
        "type": "github"
      },
      "original": {
        "owner": "nixos",
        "ref": "nixpkgs-unstable",
        "repo": "nixpkgs",
        "type": "github"
      }
    },
    "root": {
      "inputs": {
        "darwin": "darwin",
        "nixpkgs": "nixpkgs",
        "nixpkgs-darwin": "nixpkgs-darwin"
      }
    }
  },
  "root": "root",
  "version": 7
}
